// !$*UTF8*$!
{
	archiveVersion = 1;
	classes = {
	};
	objectVersion = 55;
	objects = {

/* Begin PBXBuildFile section */
		1B1140ED2BE931C6007C5B0C /* HTTPClient.swift in Sources */ = {isa = PBXBuildFile; fileRef = 1B1140E92BE931C6007C5B0C /* HTTPClient.swift */; };
		1B1140EE2BE931C6007C5B0C /* RequestMethod.swift in Sources */ = {isa = PBXBuildFile; fileRef = 1B1140EA2BE931C6007C5B0C /* RequestMethod.swift */; };
		1B1140EF2BE931C6007C5B0C /* RequestError.swift in Sources */ = {isa = PBXBuildFile; fileRef = 1B1140EB2BE931C6007C5B0C /* RequestError.swift */; };
		1B1140F02BE931C6007C5B0C /* Endpoint.swift in Sources */ = {isa = PBXBuildFile; fileRef = 1B1140EC2BE931C6007C5B0C /* Endpoint.swift */; };
		1B1140F52BE932AB007C5B0C /* APIConfig.swift in Sources */ = {isa = PBXBuildFile; fileRef = 1B1140F42BE932AB007C5B0C /* APIConfig.swift */; };
		1B1140FA2BE9391B007C5B0C /* MovieList.swift in Sources */ = {isa = PBXBuildFile; fileRef = 1B1140F92BE9391B007C5B0C /* MovieList.swift */; };
		1B1140FC2BE9392E007C5B0C /* MovieInfo.swift in Sources */ = {isa = PBXBuildFile; fileRef = 1B1140FB2BE9392E007C5B0C /* MovieInfo.swift */; };
		1B1140FE2BE93998007C5B0C /* GenreList.swift in Sources */ = {isa = PBXBuildFile; fileRef = 1B1140FD2BE93998007C5B0C /* GenreList.swift */; };
		1B1141002BE939A7007C5B0C /* GenreInfo.swift in Sources */ = {isa = PBXBuildFile; fileRef = 1B1140FF2BE939A7007C5B0C /* GenreInfo.swift */; };
		1B1141022BE93A7A007C5B0C /* MoviesEndPoint.swift in Sources */ = {isa = PBXBuildFile; fileRef = 1B1141012BE93A7A007C5B0C /* MoviesEndPoint.swift */; };
		1B1141042BE94098007C5B0C /* MovieRepository.swift in Sources */ = {isa = PBXBuildFile; fileRef = 1B1141032BE94098007C5B0C /* MovieRepository.swift */; };
		1B1141062BE9420C007C5B0C /* WebMovieRepository.swift in Sources */ = {isa = PBXBuildFile; fileRef = 1B1141052BE9420C007C5B0C /* WebMovieRepository.swift */; };
		1B1141092BE95762007C5B0C /* ImageDownloadManager.swift in Sources */ = {isa = PBXBuildFile; fileRef = 1B1141082BE95762007C5B0C /* ImageDownloadManager.swift */; };
		1B11410B2BE957A3007C5B0C /* ImageCachingManager.swift in Sources */ = {isa = PBXBuildFile; fileRef = 1B11410A2BE957A3007C5B0C /* ImageCachingManager.swift */; };
		1B1141102BE9588B007C5B0C /* HomeViewController.swift in Sources */ = {isa = PBXBuildFile; fileRef = 1B11410E2BE9588B007C5B0C /* HomeViewController.swift */; };
		1B1141112BE9588B007C5B0C /* HomeViewController.xib in Resources */ = {isa = PBXBuildFile; fileRef = 1B11410F2BE9588B007C5B0C /* HomeViewController.xib */; };
		1B11411A2BE95D1D007C5B0C /* GenreTableViewCell.swift in Sources */ = {isa = PBXBuildFile; fileRef = 1B1141182BE95D1D007C5B0C /* GenreTableViewCell.swift */; };
		1B11411B2BE95D1D007C5B0C /* GenreTableViewCell.xib in Resources */ = {isa = PBXBuildFile; fileRef = 1B1141192BE95D1D007C5B0C /* GenreTableViewCell.xib */; };
		1B11411E2BE95DC1007C5B0C /* MovieItemTableViewCell.swift in Sources */ = {isa = PBXBuildFile; fileRef = 1B11411C2BE95DC1007C5B0C /* MovieItemTableViewCell.swift */; };
		1B11411F2BE95DC1007C5B0C /* MovieItemTableViewCell.xib in Resources */ = {isa = PBXBuildFile; fileRef = 1B11411D2BE95DC1007C5B0C /* MovieItemTableViewCell.xib */; };
		1B1141222BE95DED007C5B0C /* MoviePosterCollectionViewCell.swift in Sources */ = {isa = PBXBuildFile; fileRef = 1B1141202BE95DED007C5B0C /* MoviePosterCollectionViewCell.swift */; };
		1B1141232BE95DED007C5B0C /* MoviePosterCollectionViewCell.xib in Resources */ = {isa = PBXBuildFile; fileRef = 1B1141212BE95DED007C5B0C /* MoviePosterCollectionViewCell.xib */; };
		1B1141262BE95E0C007C5B0C /* NSObject+Extension.swift in Sources */ = {isa = PBXBuildFile; fileRef = 1B1141252BE95E0C007C5B0C /* NSObject+Extension.swift */; };
		1B1141292BE95E36007C5B0C /* GenreListCollectionViewCell.swift in Sources */ = {isa = PBXBuildFile; fileRef = 1B1141272BE95E36007C5B0C /* GenreListCollectionViewCell.swift */; };
		1B11412A2BE95E36007C5B0C /* GenreListCollectionViewCell.xib in Resources */ = {isa = PBXBuildFile; fileRef = 1B1141282BE95E36007C5B0C /* GenreListCollectionViewCell.xib */; };
		1BBD23A92BE92A0400A220B0 /* AppDelegate.swift in Sources */ = {isa = PBXBuildFile; fileRef = 1BBD23A82BE92A0400A220B0 /* AppDelegate.swift */; };
		1BBD23AD2BE92A0400A220B0 /* ViewController.swift in Sources */ = {isa = PBXBuildFile; fileRef = 1BBD23AC2BE92A0400A220B0 /* ViewController.swift */; };
		1BBD23B02BE92A0400A220B0 /* Main.storyboard in Resources */ = {isa = PBXBuildFile; fileRef = 1BBD23AE2BE92A0400A220B0 /* Main.storyboard */; };
		1BBD23B22BE92A0600A220B0 /* Assets.xcassets in Resources */ = {isa = PBXBuildFile; fileRef = 1BBD23B12BE92A0600A220B0 /* Assets.xcassets */; };
		1BBD23B52BE92A0600A220B0 /* LaunchScreen.storyboard in Resources */ = {isa = PBXBuildFile; fileRef = 1BBD23B32BE92A0600A220B0 /* LaunchScreen.storyboard */; };
/* End PBXBuildFile section */

/* Begin PBXFileReference section */
		1B1140E92BE931C6007C5B0C /* HTTPClient.swift */ = {isa = PBXFileReference; fileEncoding = 4; lastKnownFileType = sourcecode.swift; path = HTTPClient.swift; sourceTree = "<group>"; };
		1B1140EA2BE931C6007C5B0C /* RequestMethod.swift */ = {isa = PBXFileReference; fileEncoding = 4; lastKnownFileType = sourcecode.swift; path = RequestMethod.swift; sourceTree = "<group>"; };
		1B1140EB2BE931C6007C5B0C /* RequestError.swift */ = {isa = PBXFileReference; fileEncoding = 4; lastKnownFileType = sourcecode.swift; path = RequestError.swift; sourceTree = "<group>"; };
		1B1140EC2BE931C6007C5B0C /* Endpoint.swift */ = {isa = PBXFileReference; fileEncoding = 4; lastKnownFileType = sourcecode.swift; path = Endpoint.swift; sourceTree = "<group>"; };
		1B1140F42BE932AB007C5B0C /* APIConfig.swift */ = {isa = PBXFileReference; lastKnownFileType = sourcecode.swift; path = APIConfig.swift; sourceTree = "<group>"; };
		1B1140F92BE9391B007C5B0C /* MovieList.swift */ = {isa = PBXFileReference; lastKnownFileType = sourcecode.swift; path = MovieList.swift; sourceTree = "<group>"; };
		1B1140FB2BE9392E007C5B0C /* MovieInfo.swift */ = {isa = PBXFileReference; lastKnownFileType = sourcecode.swift; path = MovieInfo.swift; sourceTree = "<group>"; };
		1B1140FD2BE93998007C5B0C /* GenreList.swift */ = {isa = PBXFileReference; lastKnownFileType = sourcecode.swift; path = GenreList.swift; sourceTree = "<group>"; };
		1B1140FF2BE939A7007C5B0C /* GenreInfo.swift */ = {isa = PBXFileReference; lastKnownFileType = sourcecode.swift; path = GenreInfo.swift; sourceTree = "<group>"; };
		1B1141012BE93A7A007C5B0C /* MoviesEndPoint.swift */ = {isa = PBXFileReference; lastKnownFileType = sourcecode.swift; path = MoviesEndPoint.swift; sourceTree = "<group>"; };
		1B1141032BE94098007C5B0C /* MovieRepository.swift */ = {isa = PBXFileReference; lastKnownFileType = sourcecode.swift; path = MovieRepository.swift; sourceTree = "<group>"; };
		1B1141052BE9420C007C5B0C /* WebMovieRepository.swift */ = {isa = PBXFileReference; lastKnownFileType = sourcecode.swift; path = WebMovieRepository.swift; sourceTree = "<group>"; };
		1B1141082BE95762007C5B0C /* ImageDownloadManager.swift */ = {isa = PBXFileReference; lastKnownFileType = sourcecode.swift; path = ImageDownloadManager.swift; sourceTree = "<group>"; };
		1B11410A2BE957A3007C5B0C /* ImageCachingManager.swift */ = {isa = PBXFileReference; lastKnownFileType = sourcecode.swift; path = ImageCachingManager.swift; sourceTree = "<group>"; };
		1B11410E2BE9588B007C5B0C /* HomeViewController.swift */ = {isa = PBXFileReference; lastKnownFileType = sourcecode.swift; path = HomeViewController.swift; sourceTree = "<group>"; };
		1B11410F2BE9588B007C5B0C /* HomeViewController.xib */ = {isa = PBXFileReference; lastKnownFileType = file.xib; path = HomeViewController.xib; sourceTree = "<group>"; };
		1B1141182BE95D1D007C5B0C /* GenreTableViewCell.swift */ = {isa = PBXFileReference; lastKnownFileType = sourcecode.swift; path = GenreTableViewCell.swift; sourceTree = "<group>"; };
		1B1141192BE95D1D007C5B0C /* GenreTableViewCell.xib */ = {isa = PBXFileReference; lastKnownFileType = file.xib; path = GenreTableViewCell.xib; sourceTree = "<group>"; };
		1B11411C2BE95DC1007C5B0C /* MovieItemTableViewCell.swift */ = {isa = PBXFileReference; lastKnownFileType = sourcecode.swift; path = MovieItemTableViewCell.swift; sourceTree = "<group>"; };
		1B11411D2BE95DC1007C5B0C /* MovieItemTableViewCell.xib */ = {isa = PBXFileReference; lastKnownFileType = file.xib; path = MovieItemTableViewCell.xib; sourceTree = "<group>"; };
		1B1141202BE95DED007C5B0C /* MoviePosterCollectionViewCell.swift */ = {isa = PBXFileReference; lastKnownFileType = sourcecode.swift; path = MoviePosterCollectionViewCell.swift; sourceTree = "<group>"; };
		1B1141212BE95DED007C5B0C /* MoviePosterCollectionViewCell.xib */ = {isa = PBXFileReference; lastKnownFileType = file.xib; path = MoviePosterCollectionViewCell.xib; sourceTree = "<group>"; };
		1B1141252BE95E0C007C5B0C /* NSObject+Extension.swift */ = {isa = PBXFileReference; lastKnownFileType = sourcecode.swift; path = "NSObject+Extension.swift"; sourceTree = "<group>"; };
		1B1141272BE95E36007C5B0C /* GenreListCollectionViewCell.swift */ = {isa = PBXFileReference; lastKnownFileType = sourcecode.swift; path = GenreListCollectionViewCell.swift; sourceTree = "<group>"; };
		1B1141282BE95E36007C5B0C /* GenreListCollectionViewCell.xib */ = {isa = PBXFileReference; lastKnownFileType = file.xib; path = GenreListCollectionViewCell.xib; sourceTree = "<group>"; };
		1BBD23A52BE92A0400A220B0 /* Movie-Explorer-Test.app */ = {isa = PBXFileReference; explicitFileType = wrapper.application; includeInIndex = 0; path = "Movie-Explorer-Test.app"; sourceTree = BUILT_PRODUCTS_DIR; };
		1BBD23A82BE92A0400A220B0 /* AppDelegate.swift */ = {isa = PBXFileReference; lastKnownFileType = sourcecode.swift; path = AppDelegate.swift; sourceTree = "<group>"; };
		1BBD23AC2BE92A0400A220B0 /* ViewController.swift */ = {isa = PBXFileReference; lastKnownFileType = sourcecode.swift; path = ViewController.swift; sourceTree = "<group>"; };
		1BBD23AF2BE92A0400A220B0 /* Base */ = {isa = PBXFileReference; lastKnownFileType = file.storyboard; name = Base; path = Base.lproj/Main.storyboard; sourceTree = "<group>"; };
		1BBD23B12BE92A0600A220B0 /* Assets.xcassets */ = {isa = PBXFileReference; lastKnownFileType = folder.assetcatalog; path = Assets.xcassets; sourceTree = "<group>"; };
		1BBD23B42BE92A0600A220B0 /* Base */ = {isa = PBXFileReference; lastKnownFileType = file.storyboard; name = Base; path = Base.lproj/LaunchScreen.storyboard; sourceTree = "<group>"; };
		1BBD23B62BE92A0600A220B0 /* Info.plist */ = {isa = PBXFileReference; lastKnownFileType = text.plist.xml; path = Info.plist; sourceTree = "<group>"; };
/* End PBXFileReference section */

/* Begin PBXFrameworksBuildPhase section */
		1BBD23A22BE92A0400A220B0 /* Frameworks */ = {
			isa = PBXFrameworksBuildPhase;
			buildActionMask = 2147483647;
			files = (
			);
			runOnlyForDeploymentPostprocessing = 0;
		};
/* End PBXFrameworksBuildPhase section */

/* Begin PBXGroup section */
		1B1140E52BE92FF6007C5B0C /* AppDelegate */ = {
			isa = PBXGroup;
			children = (
				1BBD23A82BE92A0400A220B0 /* AppDelegate.swift */,
			);
			path = AppDelegate;
			sourceTree = "<group>";
		};
		1B1140E62BE93005007C5B0C /* Modules */ = {
			isa = PBXGroup;
			children = (
				1B1140F72BE938EC007C5B0C /* MovieListPage */,
			);
			path = Modules;
			sourceTree = "<group>";
		};
		1B1140E72BE93024007C5B0C /* Services */ = {
			isa = PBXGroup;
			children = (
				1B1140F62BE938CC007C5B0C /* MovieAPiService */,
			);
			path = Services;
			sourceTree = "<group>";
		};
		1B1140E82BE931C6007C5B0C /* NetworkBaseLayer */ = {
			isa = PBXGroup;
			children = (
				1B1140E92BE931C6007C5B0C /* HTTPClient.swift */,
				1B1140EA2BE931C6007C5B0C /* RequestMethod.swift */,
				1B1140EB2BE931C6007C5B0C /* RequestError.swift */,
				1B1140EC2BE931C6007C5B0C /* Endpoint.swift */,
			);
			path = NetworkBaseLayer;
			sourceTree = "<group>";
		};
		1B1140F12BE9325C007C5B0C /* Network */ = {
			isa = PBXGroup;
			children = (
				1B1140E82BE931C6007C5B0C /* NetworkBaseLayer */,
			);
			path = Network;
			sourceTree = "<group>";
		};
		1B1140F22BE93287007C5B0C /* Config */ = {
			isa = PBXGroup;
			children = (
				1B1140F32BE93291007C5B0C /* APiConfig */,
			);
			path = Config;
			sourceTree = "<group>";
		};
		1B1140F32BE93291007C5B0C /* APiConfig */ = {
			isa = PBXGroup;
			children = (
				1B1140F42BE932AB007C5B0C /* APIConfig.swift */,
			);
			path = APiConfig;
			sourceTree = "<group>";
		};
		1B1140F62BE938CC007C5B0C /* MovieAPiService */ = {
			isa = PBXGroup;
			children = (
				1B1141012BE93A7A007C5B0C /* MoviesEndPoint.swift */,
				1B1141032BE94098007C5B0C /* MovieRepository.swift */,
				1B1141052BE9420C007C5B0C /* WebMovieRepository.swift */,
			);
			path = MovieAPiService;
			sourceTree = "<group>";
		};
		1B1140F72BE938EC007C5B0C /* MovieListPage */ = {
			isa = PBXGroup;
			children = (
				1B11410C2BE95833007C5B0C /* Views */,
				1B1140F82BE938F6007C5B0C /* Model */,
			);
			path = MovieListPage;
			sourceTree = "<group>";
		};
		1B1140F82BE938F6007C5B0C /* Model */ = {
			isa = PBXGroup;
			children = (
				1B1140F92BE9391B007C5B0C /* MovieList.swift */,
				1B1140FB2BE9392E007C5B0C /* MovieInfo.swift */,
				1B1140FD2BE93998007C5B0C /* GenreList.swift */,
				1B1140FF2BE939A7007C5B0C /* GenreInfo.swift */,
			);
			path = Model;
			sourceTree = "<group>";
		};
		1B1141072BE9574E007C5B0C /* Manager */ = {
			isa = PBXGroup;
			children = (
				1B1141082BE95762007C5B0C /* ImageDownloadManager.swift */,
				1B11410A2BE957A3007C5B0C /* ImageCachingManager.swift */,
			);
			path = Manager;
			sourceTree = "<group>";
		};
		1B11410C2BE95833007C5B0C /* Views */ = {
			isa = PBXGroup;
			children = (
				1B1141132BE95A1A007C5B0C /* CollectionViewCells */,
				1B1141122BE95A11007C5B0C /* TableViewCells */,
				1B11410D2BE95842007C5B0C /* Controllers */,
			);
			path = Views;
			sourceTree = "<group>";
		};
		1B11410D2BE95842007C5B0C /* Controllers */ = {
			isa = PBXGroup;
			children = (
				1B11410E2BE9588B007C5B0C /* HomeViewController.swift */,
				1B11410F2BE9588B007C5B0C /* HomeViewController.xib */,
			);
			path = Controllers;
			sourceTree = "<group>";
		};
		1B1141122BE95A11007C5B0C /* TableViewCells */ = {
			isa = PBXGroup;
			children = (
				1B1141182BE95D1D007C5B0C /* GenreTableViewCell.swift */,
				1B1141192BE95D1D007C5B0C /* GenreTableViewCell.xib */,
				1B11411C2BE95DC1007C5B0C /* MovieItemTableViewCell.swift */,
				1B11411D2BE95DC1007C5B0C /* MovieItemTableViewCell.xib */,
			);
			path = TableViewCells;
			sourceTree = "<group>";
		};
		1B1141132BE95A1A007C5B0C /* CollectionViewCells */ = {
			isa = PBXGroup;
			children = (
				1B1141202BE95DED007C5B0C /* MoviePosterCollectionViewCell.swift */,
				1B1141212BE95DED007C5B0C /* MoviePosterCollectionViewCell.xib */,
				1B1141272BE95E36007C5B0C /* GenreListCollectionViewCell.swift */,
				1B1141282BE95E36007C5B0C /* GenreListCollectionViewCell.xib */,
			);
			path = CollectionViewCells;
			sourceTree = "<group>";
		};
		1B1141242BE95DF2007C5B0C /* Extensions */ = {
			isa = PBXGroup;
			children = (
				1B1141252BE95E0C007C5B0C /* NSObject+Extension.swift */,
			);
			path = Extensions;
			sourceTree = "<group>";
		};
		1BBD239C2BE92A0400A220B0 = {
			isa = PBXGroup;
			children = (
				1BBD23A72BE92A0400A220B0 /* Movie-Explorer-Test */,
				1BBD23A62BE92A0400A220B0 /* Products */,
			);
			sourceTree = "<group>";
		};
		1BBD23A62BE92A0400A220B0 /* Products */ = {
			isa = PBXGroup;
			children = (
				1BBD23A52BE92A0400A220B0 /* Movie-Explorer-Test.app */,
			);
			name = Products;
			sourceTree = "<group>";
		};
		1BBD23A72BE92A0400A220B0 /* Movie-Explorer-Test */ = {
			isa = PBXGroup;
			children = (
				1B1141242BE95DF2007C5B0C /* Extensions */,
				1B1141072BE9574E007C5B0C /* Manager */,
				1B1140F22BE93287007C5B0C /* Config */,
				1B1140E52BE92FF6007C5B0C /* AppDelegate */,
				1B1140F12BE9325C007C5B0C /* Network */,
				1B1140E72BE93024007C5B0C /* Services */,
				1B1140E62BE93005007C5B0C /* Modules */,
				1BBD23AC2BE92A0400A220B0 /* ViewController.swift */,
				1BBD23AE2BE92A0400A220B0 /* Main.storyboard */,
				1BBD23B12BE92A0600A220B0 /* Assets.xcassets */,
				1BBD23B32BE92A0600A220B0 /* LaunchScreen.storyboard */,
				1BBD23B62BE92A0600A220B0 /* Info.plist */,
			);
			path = "Movie-Explorer-Test";
			sourceTree = "<group>";
		};
/* End PBXGroup section */

/* Begin PBXNativeTarget section */
		1BBD23A42BE92A0400A220B0 /* Movie-Explorer-Test */ = {
			isa = PBXNativeTarget;
			buildConfigurationList = 1BBD23B92BE92A0600A220B0 /* Build configuration list for PBXNativeTarget "Movie-Explorer-Test" */;
			buildPhases = (
				1BBD23A12BE92A0400A220B0 /* Sources */,
				1BBD23A22BE92A0400A220B0 /* Frameworks */,
				1BBD23A32BE92A0400A220B0 /* Resources */,
			);
			buildRules = (
			);
			dependencies = (
			);
			name = "Movie-Explorer-Test";
			productName = "Movie-Explorer-Test";
			productReference = 1BBD23A52BE92A0400A220B0 /* Movie-Explorer-Test.app */;
			productType = "com.apple.product-type.application";
		};
/* End PBXNativeTarget section */

/* Begin PBXProject section */
		1BBD239D2BE92A0400A220B0 /* Project object */ = {
			isa = PBXProject;
			attributes = {
				BuildIndependentTargetsInParallel = 1;
				LastSwiftUpdateCheck = 1340;
				LastUpgradeCheck = 1340;
				TargetAttributes = {
					1BBD23A42BE92A0400A220B0 = {
						CreatedOnToolsVersion = 13.4;
					};
				};
			};
			buildConfigurationList = 1BBD23A02BE92A0400A220B0 /* Build configuration list for PBXProject "Movie-Explorer-Test" */;
			compatibilityVersion = "Xcode 13.0";
			developmentRegion = en;
			hasScannedForEncodings = 0;
			knownRegions = (
				en,
				Base,
			);
			mainGroup = 1BBD239C2BE92A0400A220B0;
			productRefGroup = 1BBD23A62BE92A0400A220B0 /* Products */;
			projectDirPath = "";
			projectRoot = "";
			targets = (
				1BBD23A42BE92A0400A220B0 /* Movie-Explorer-Test */,
			);
		};
/* End PBXProject section */

/* Begin PBXResourcesBuildPhase section */
		1BBD23A32BE92A0400A220B0 /* Resources */ = {
			isa = PBXResourcesBuildPhase;
			buildActionMask = 2147483647;
			files = (
				1BBD23B52BE92A0600A220B0 /* LaunchScreen.storyboard in Resources */,
				1BBD23B22BE92A0600A220B0 /* Assets.xcassets in Resources */,
				1BBD23B02BE92A0400A220B0 /* Main.storyboard in Resources */,
				1B11411F2BE95DC1007C5B0C /* MovieItemTableViewCell.xib in Resources */,
				1B11412A2BE95E36007C5B0C /* GenreListCollectionViewCell.xib in Resources */,
				1B11411B2BE95D1D007C5B0C /* GenreTableViewCell.xib in Resources */,
				1B1141112BE9588B007C5B0C /* HomeViewController.xib in Resources */,
				1B1141232BE95DED007C5B0C /* MoviePosterCollectionViewCell.xib in Resources */,
			);
			runOnlyForDeploymentPostprocessing = 0;
		};
/* End PBXResourcesBuildPhase section */

/* Begin PBXSourcesBuildPhase section */
		1BBD23A12BE92A0400A220B0 /* Sources */ = {
			isa = PBXSourcesBuildPhase;
			buildActionMask = 2147483647;
			files = (
				1B1140EE2BE931C6007C5B0C /* RequestMethod.swift in Sources */,
				1B1141002BE939A7007C5B0C /* GenreInfo.swift in Sources */,
				1B1140FC2BE9392E007C5B0C /* MovieInfo.swift in Sources */,
				1B1141102BE9588B007C5B0C /* HomeViewController.swift in Sources */,
				1B1141092BE95762007C5B0C /* ImageDownloadManager.swift in Sources */,
				1B11411E2BE95DC1007C5B0C /* MovieItemTableViewCell.swift in Sources */,
				1B1141022BE93A7A007C5B0C /* MoviesEndPoint.swift in Sources */,
				1B1140EF2BE931C6007C5B0C /* RequestError.swift in Sources */,
				1B1140FE2BE93998007C5B0C /* GenreList.swift in Sources */,
				1BBD23AD2BE92A0400A220B0 /* ViewController.swift in Sources */,
				1BBD23A92BE92A0400A220B0 /* AppDelegate.swift in Sources */,
				1B1140F52BE932AB007C5B0C /* APIConfig.swift in Sources */,
				1B1140F02BE931C6007C5B0C /* Endpoint.swift in Sources */,
				1B1140FA2BE9391B007C5B0C /* MovieList.swift in Sources */,
				1B1141292BE95E36007C5B0C /* GenreListCollectionViewCell.swift in Sources */,
				1B1141222BE95DED007C5B0C /* MoviePosterCollectionViewCell.swift in Sources */,
				1B1141062BE9420C007C5B0C /* WebMovieRepository.swift in Sources */,
				1B1141042BE94098007C5B0C /* MovieRepository.swift in Sources */,
				1B1140ED2BE931C6007C5B0C /* HTTPClient.swift in Sources */,
				1B11410B2BE957A3007C5B0C /* ImageCachingManager.swift in Sources */,
				1B11411A2BE95D1D007C5B0C /* GenreTableViewCell.swift in Sources */,
				1B1141262BE95E0C007C5B0C /* NSObject+Extension.swift in Sources */,
			);
			runOnlyForDeploymentPostprocessing = 0;
		};
/* End PBXSourcesBuildPhase section */

/* Begin PBXVariantGroup section */
		1BBD23AE2BE92A0400A220B0 /* Main.storyboard */ = {
			isa = PBXVariantGroup;
			children = (
				1BBD23AF2BE92A0400A220B0 /* Base */,
			);
			name = Main.storyboard;
			sourceTree = "<group>";
		};
		1BBD23B32BE92A0600A220B0 /* LaunchScreen.storyboard */ = {
			isa = PBXVariantGroup;
			children = (
				1BBD23B42BE92A0600A220B0 /* Base */,
			);
			name = LaunchScreen.storyboard;
			sourceTree = "<group>";
		};
/* End PBXVariantGroup section */

/* Begin XCBuildConfiguration section */
		1BBD23B72BE92A0600A220B0 /* Debug */ = {
			isa = XCBuildConfiguration;
			buildSettings = {
				ALWAYS_SEARCH_USER_PATHS = NO;
				CLANG_ANALYZER_NONNULL = YES;
				CLANG_ANALYZER_NUMBER_OBJECT_CONVERSION = YES_AGGRESSIVE;
				CLANG_CXX_LANGUAGE_STANDARD = "gnu++17";
				CLANG_ENABLE_MODULES = YES;
				CLANG_ENABLE_OBJC_ARC = YES;
				CLANG_ENABLE_OBJC_WEAK = YES;
				CLANG_WARN_BLOCK_CAPTURE_AUTORELEASING = YES;
				CLANG_WARN_BOOL_CONVERSION = YES;
				CLANG_WARN_COMMA = YES;
				CLANG_WARN_CONSTANT_CONVERSION = YES;
				CLANG_WARN_DEPRECATED_OBJC_IMPLEMENTATIONS = YES;
				CLANG_WARN_DIRECT_OBJC_ISA_USAGE = YES_ERROR;
				CLANG_WARN_DOCUMENTATION_COMMENTS = YES;
				CLANG_WARN_EMPTY_BODY = YES;
				CLANG_WARN_ENUM_CONVERSION = YES;
				CLANG_WARN_INFINITE_RECURSION = YES;
				CLANG_WARN_INT_CONVERSION = YES;
				CLANG_WARN_NON_LITERAL_NULL_CONVERSION = YES;
				CLANG_WARN_OBJC_IMPLICIT_RETAIN_SELF = YES;
				CLANG_WARN_OBJC_LITERAL_CONVERSION = YES;
				CLANG_WARN_OBJC_ROOT_CLASS = YES_ERROR;
				CLANG_WARN_QUOTED_INCLUDE_IN_FRAMEWORK_HEADER = YES;
				CLANG_WARN_RANGE_LOOP_ANALYSIS = YES;
				CLANG_WARN_STRICT_PROTOTYPES = YES;
				CLANG_WARN_SUSPICIOUS_MOVE = YES;
				CLANG_WARN_UNGUARDED_AVAILABILITY = YES_AGGRESSIVE;
				CLANG_WARN_UNREACHABLE_CODE = YES;
				CLANG_WARN__DUPLICATE_METHOD_MATCH = YES;
				COPY_PHASE_STRIP = NO;
				DEBUG_INFORMATION_FORMAT = dwarf;
				ENABLE_STRICT_OBJC_MSGSEND = YES;
				ENABLE_TESTABILITY = YES;
				GCC_C_LANGUAGE_STANDARD = gnu11;
				GCC_DYNAMIC_NO_PIC = NO;
				GCC_NO_COMMON_BLOCKS = YES;
				GCC_OPTIMIZATION_LEVEL = 0;
				GCC_PREPROCESSOR_DEFINITIONS = (
					"DEBUG=1",
					"$(inherited)",
				);
				GCC_WARN_64_TO_32_BIT_CONVERSION = YES;
				GCC_WARN_ABOUT_RETURN_TYPE = YES_ERROR;
				GCC_WARN_UNDECLARED_SELECTOR = YES;
				GCC_WARN_UNINITIALIZED_AUTOS = YES_AGGRESSIVE;
				GCC_WARN_UNUSED_FUNCTION = YES;
				GCC_WARN_UNUSED_VARIABLE = YES;
				IPHONEOS_DEPLOYMENT_TARGET = 15.5;
				MTL_ENABLE_DEBUG_INFO = INCLUDE_SOURCE;
				MTL_FAST_MATH = YES;
				ONLY_ACTIVE_ARCH = YES;
				SDKROOT = iphoneos;
				SWIFT_ACTIVE_COMPILATION_CONDITIONS = DEBUG;
				SWIFT_OPTIMIZATION_LEVEL = "-Onone";
			};
			name = Debug;
		};
		1BBD23B82BE92A0600A220B0 /* Release */ = {
			isa = XCBuildConfiguration;
			buildSettings = {
				ALWAYS_SEARCH_USER_PATHS = NO;
				CLANG_ANALYZER_NONNULL = YES;
				CLANG_ANALYZER_NUMBER_OBJECT_CONVERSION = YES_AGGRESSIVE;
				CLANG_CXX_LANGUAGE_STANDARD = "gnu++17";
				CLANG_ENABLE_MODULES = YES;
				CLANG_ENABLE_OBJC_ARC = YES;
				CLANG_ENABLE_OBJC_WEAK = YES;
				CLANG_WARN_BLOCK_CAPTURE_AUTORELEASING = YES;
				CLANG_WARN_BOOL_CONVERSION = YES;
				CLANG_WARN_COMMA = YES;
				CLANG_WARN_CONSTANT_CONVERSION = YES;
				CLANG_WARN_DEPRECATED_OBJC_IMPLEMENTATIONS = YES;
				CLANG_WARN_DIRECT_OBJC_ISA_USAGE = YES_ERROR;
				CLANG_WARN_DOCUMENTATION_COMMENTS = YES;
				CLANG_WARN_EMPTY_BODY = YES;
				CLANG_WARN_ENUM_CONVERSION = YES;
				CLANG_WARN_INFINITE_RECURSION = YES;
				CLANG_WARN_INT_CONVERSION = YES;
				CLANG_WARN_NON_LITERAL_NULL_CONVERSION = YES;
				CLANG_WARN_OBJC_IMPLICIT_RETAIN_SELF = YES;
				CLANG_WARN_OBJC_LITERAL_CONVERSION = YES;
				CLANG_WARN_OBJC_ROOT_CLASS = YES_ERROR;
				CLANG_WARN_QUOTED_INCLUDE_IN_FRAMEWORK_HEADER = YES;
				CLANG_WARN_RANGE_LOOP_ANALYSIS = YES;
				CLANG_WARN_STRICT_PROTOTYPES = YES;
				CLANG_WARN_SUSPICIOUS_MOVE = YES;
				CLANG_WARN_UNGUARDED_AVAILABILITY = YES_AGGRESSIVE;
				CLANG_WARN_UNREACHABLE_CODE = YES;
				CLANG_WARN__DUPLICATE_METHOD_MATCH = YES;
				COPY_PHASE_STRIP = NO;
				DEBUG_INFORMATION_FORMAT = "dwarf-with-dsym";
				ENABLE_NS_ASSERTIONS = NO;
				ENABLE_STRICT_OBJC_MSGSEND = YES;
				GCC_C_LANGUAGE_STANDARD = gnu11;
				GCC_NO_COMMON_BLOCKS = YES;
				GCC_WARN_64_TO_32_BIT_CONVERSION = YES;
				GCC_WARN_ABOUT_RETURN_TYPE = YES_ERROR;
				GCC_WARN_UNDECLARED_SELECTOR = YES;
				GCC_WARN_UNINITIALIZED_AUTOS = YES_AGGRESSIVE;
				GCC_WARN_UNUSED_FUNCTION = YES;
				GCC_WARN_UNUSED_VARIABLE = YES;
				IPHONEOS_DEPLOYMENT_TARGET = 15.5;
				MTL_ENABLE_DEBUG_INFO = NO;
				MTL_FAST_MATH = YES;
				SDKROOT = iphoneos;
				SWIFT_COMPILATION_MODE = wholemodule;
				SWIFT_OPTIMIZATION_LEVEL = "-O";
				VALIDATE_PRODUCT = YES;
			};
			name = Release;
		};
		1BBD23BA2BE92A0600A220B0 /* Debug */ = {
			isa = XCBuildConfiguration;
			buildSettings = {
				ASSETCATALOG_COMPILER_APPICON_NAME = AppIcon;
				ASSETCATALOG_COMPILER_GLOBAL_ACCENT_COLOR_NAME = AccentColor;
				CODE_SIGN_STYLE = Automatic;
				CURRENT_PROJECT_VERSION = 1;
				DEVELOPMENT_TEAM = 9QDMV4V22X;
				GENERATE_INFOPLIST_FILE = YES;
				INFOPLIST_FILE = "Movie-Explorer-Test/Info.plist";
				INFOPLIST_KEY_UIApplicationSupportsIndirectInputEvents = YES;
				INFOPLIST_KEY_UILaunchStoryboardName = LaunchScreen;
				INFOPLIST_KEY_UISupportedInterfaceOrientations_iPad = "UIInterfaceOrientationPortrait UIInterfaceOrientationPortraitUpsideDown UIInterfaceOrientationLandscapeLeft UIInterfaceOrientationLandscapeRight";
				INFOPLIST_KEY_UISupportedInterfaceOrientations_iPhone = "UIInterfaceOrientationPortrait UIInterfaceOrientationLandscapeLeft UIInterfaceOrientationLandscapeRight";
				LD_RUNPATH_SEARCH_PATHS = (
					"$(inherited)",
					"@executable_path/Frameworks",
				);
				MARKETING_VERSION = 1.0;
				PRODUCT_BUNDLE_IDENTIFIER = "com.sagar.hello.Movie-Explorer-Test";
				PRODUCT_NAME = "$(TARGET_NAME)";
				SWIFT_EMIT_LOC_STRINGS = YES;
				SWIFT_VERSION = 5.0;
				TARGETED_DEVICE_FAMILY = "1,2";
			};
			name = Debug;
		};
		1BBD23BB2BE92A0600A220B0 /* Release */ = {
			isa = XCBuildConfiguration;
			buildSettings = {
				ASSETCATALOG_COMPILER_APPICON_NAME = AppIcon;
				ASSETCATALOG_COMPILER_GLOBAL_ACCENT_COLOR_NAME = AccentColor;
				CODE_SIGN_STYLE = Automatic;
				CURRENT_PROJECT_VERSION = 1;
				DEVELOPMENT_TEAM = 9QDMV4V22X;
				GENERATE_INFOPLIST_FILE = YES;
				INFOPLIST_FILE = "Movie-Explorer-Test/Info.plist";
				INFOPLIST_KEY_UIApplicationSupportsIndirectInputEvents = YES;
				INFOPLIST_KEY_UILaunchStoryboardName = LaunchScreen;
				INFOPLIST_KEY_UISupportedInterfaceOrientations_iPad = "UIInterfaceOrientationPortrait UIInterfaceOrientationPortraitUpsideDown UIInterfaceOrientationLandscapeLeft UIInterfaceOrientationLandscapeRight";
				INFOPLIST_KEY_UISupportedInterfaceOrientations_iPhone = "UIInterfaceOrientationPortrait UIInterfaceOrientationLandscapeLeft UIInterfaceOrientationLandscapeRight";
				LD_RUNPATH_SEARCH_PATHS = (
					"$(inherited)",
					"@executable_path/Frameworks",
				);
				MARKETING_VERSION = 1.0;
				PRODUCT_BUNDLE_IDENTIFIER = "com.sagar.hello.Movie-Explorer-Test";
				PRODUCT_NAME = "$(TARGET_NAME)";
				SWIFT_EMIT_LOC_STRINGS = YES;
				SWIFT_VERSION = 5.0;
				TARGETED_DEVICE_FAMILY = "1,2";
			};
			name = Release;
		};
/* End XCBuildConfiguration section */

/* Begin XCConfigurationList section */
		1BBD23A02BE92A0400A220B0 /* Build configuration list for PBXProject "Movie-Explorer-Test" */ = {
			isa = XCConfigurationList;
			buildConfigurations = (
				1BBD23B72BE92A0600A220B0 /* Debug */,
				1BBD23B82BE92A0600A220B0 /* Release */,
			);
			defaultConfigurationIsVisible = 0;
			defaultConfigurationName = Release;
		};
		1BBD23B92BE92A0600A220B0 /* Build configuration list for PBXNativeTarget "Movie-Explorer-Test" */ = {
			isa = XCConfigurationList;
			buildConfigurations = (
				1BBD23BA2BE92A0600A220B0 /* Debug */,
				1BBD23BB2BE92A0600A220B0 /* Release */,
			);
			defaultConfigurationIsVisible = 0;
			defaultConfigurationName = Release;
		};
/* End XCConfigurationList section */
	};
	rootObject = 1BBD239D2BE92A0400A220B0 /* Project object */;
}
